
Microsoft Visual Studio Solution File, Format Version 12.00
# Visual Studio Version 17
VisualStudioVersion = 17.7.34031.279
MinimumVisualStudioVersion = 10.0.40219.1
Project("{9A19103F-16F7-4668-BE54-9A1E7A4F7556}") = "SekaiToolsCore", "SekaiToolsCore\SekaiToolsCore.csproj", "{53392484-D13A-4D8D-897A-B5F434E3930D}"
EndProject
Project("{FAE04EC0-301F-11D3-BF4B-00C04F79EFBC}") = "SekaiToolsGUI", "SekaiToolsGUI\SekaiToolsGUI.csproj", "{E086BDD1-2C5C-493D-A347-940182B32089}"
EndProject
Project("{FAE04EC0-301F-11D3-BF4B-00C04F79EFBC}") = "Test", "Test\Test.csproj", "{E95833E4-37DC-4B75-B24A-8AB190F3871C}"
EndProject
Project("{FAE04EC0-301F-11D3-BF4B-00C04F79EFBC}") = "SekaiDataFetch", "SekaiDataFetch\SekaiDataFetch.csproj", "{5A42E94E-5199-4A8E-9A87-F6FD7EF3C7B3}"
EndProject
Global
	GlobalSection(SolutionConfigurationPlatforms) = preSolution
		Debug|Any CPU = Debug|Any CPU
		Debug|x64 = Debug|x64
		Release|Any CPU = Release|Any CPU
		Release|x64 = Release|x64
	EndGlobalSection
	GlobalSection(ProjectConfigurationPlatforms) = postSolution
		{53392484-D13A-4D8D-897A-B5F434E3930D}.Debug|Any CPU.ActiveCfg = Debug|Any CPU
		{53392484-D13A-4D8D-897A-B5F434E3930D}.Debug|Any CPU.Build.0 = Debug|Any CPU
		{53392484-D13A-4D8D-897A-B5F434E3930D}.Release|Any CPU.ActiveCfg = Release|Any CPU
		{53392484-D13A-4D8D-897A-B5F434E3930D}.Release|Any CPU.Build.0 = Release|Any CPU
		{53392484-D13A-4D8D-897A-B5F434E3930D}.Release|x64.ActiveCfg = Release|x64
		{53392484-D13A-4D8D-897A-B5F434E3930D}.Release|x64.Build.0 = Release|x64
		{53392484-D13A-4D8D-897A-B5F434E3930D}.Debug|x64.ActiveCfg = Debug|x64
		{53392484-D13A-4D8D-897A-B5F434E3930D}.Debug|x64.Build.0 = Debug|x64
		{E086BDD1-2C5C-493D-A347-940182B32089}.Debug|Any CPU.ActiveCfg = Debug|Any CPU
		{E086BDD1-2C5C-493D-A347-940182B32089}.Debug|Any CPU.Build.0 = Debug|Any CPU
		{E086BDD1-2C5C-493D-A347-940182B32089}.Release|Any CPU.ActiveCfg = Release|Any CPU
		{E086BDD1-2C5C-493D-A347-940182B32089}.Release|Any CPU.Build.0 = Release|Any CPU
		{E086BDD1-2C5C-493D-A347-940182B32089}.Release|x64.ActiveCfg = Release|x64
		{E086BDD1-2C5C-493D-A347-940182B32089}.Release|x64.Build.0 = Release|x64
		{E086BDD1-2C5C-493D-A347-940182B32089}.Debug|x64.ActiveCfg = Debug|x64
		{E086BDD1-2C5C-493D-A347-940182B32089}.Debug|x64.Build.0 = Debug|x64
		{E086BDD1-2C5C-493D-A347-940182B32089}.Release|Any CPU.Deploy.0 = Release|Any CPU
		{E086BDD1-2C5C-493D-A347-940182B32089}.Release|x64.Deploy.0 = Release|x64
		{E95833E4-37DC-4B75-B24A-8AB190F3871C}.Debug|Any CPU.ActiveCfg = Debug|Any CPU
		{E95833E4-37DC-4B75-B24A-8AB190F3871C}.Debug|Any CPU.Build.0 = Debug|Any CPU
		{E95833E4-37DC-4B75-B24A-8AB190F3871C}.Release|Any CPU.ActiveCfg = Release|Any CPU
		{E95833E4-37DC-4B75-B24A-8AB190F3871C}.Release|Any CPU.Build.0 = Release|Any CPU
		{E95833E4-37DC-4B75-B24A-8AB190F3871C}.Release|x64.ActiveCfg = Release|x64
		{E95833E4-37DC-4B75-B24A-8AB190F3871C}.Release|x64.Build.0 = Release|x64
		{E95833E4-37DC-4B75-B24A-8AB190F3871C}.Debug|x64.ActiveCfg = Debug|x64
		{E95833E4-37DC-4B75-B24A-8AB190F3871C}.Debug|x64.Build.0 = Debug|x64
		{5A42E94E-5199-4A8E-9A87-F6FD7EF3C7B3}.Debug|Any CPU.ActiveCfg = Debug|Any CPU
		{5A42E94E-5199-4A8E-9A87-F6FD7EF3C7B3}.Debug|Any CPU.Build.0 = Debug|Any CPU
		{5A42E94E-5199-4A8E-9A87-F6FD7EF3C7B3}.Debug|x64.ActiveCfg = Debug|Any CPU
		{5A42E94E-5199-4A8E-9A87-F6FD7EF3C7B3}.Debug|x64.Build.0 = Debug|Any CPU
		{5A42E94E-5199-4A8E-9A87-F6FD7EF3C7B3}.Release|Any CPU.ActiveCfg = Release|Any CPU
		{5A42E94E-5199-4A8E-9A87-F6FD7EF3C7B3}.Release|Any CPU.Build.0 = Release|Any CPU
		{5A42E94E-5199-4A8E-9A87-F6FD7EF3C7B3}.Release|x64.ActiveCfg = Release|Any CPU
		{5A42E94E-5199-4A8E-9A87-F6FD7EF3C7B3}.Release|x64.Build.0 = Release|Any CPU
	EndGlobalSection
	GlobalSection(SolutionProperties) = preSolution
		HideSolutionNode = FALSE
	EndGlobalSection
	GlobalSection(ExtensibilityGlobals) = postSolution
		SolutionGuid = {65444E4E-2123-441E-B830-0B979AD5DF61}
	EndGlobalSection
EndGlobal
